
Microsoft Visual Studio Solution File, Format Version 12.00
# Visual Studio Version 17
VisualStudioVersion = 17.7.34031.279
MinimumVisualStudioVersion = 10.0.40219.1
Project("{FAE04EC0-301F-11D3-BF4B-00C04F79EFBC}") = "EntityFrameworkCodeFirst", "EntityFrameworkCodeFirst\EntityFrameworkCodeFirst.csproj", "{AEF9588B-E805-4D1A-869E-22FD81C3DBBD}"
EndProject
Global
	GlobalSection(SolutionConfigurationPlatforms) = preSolution
		Debug|Any CPU = Debug|Any CPU
		Release|Any CPU = Release|Any CPU
	EndGlobalSection
	GlobalSection(ProjectConfigurationPlatforms) = postSolution
		{AEF9588B-E805-4D1A-869E-22FD81C3DBBD}.Debug|Any CPU.ActiveCfg = Debug|Any CPU
		{AEF9588B-E805-4D1A-869E-22FD81C3DBBD}.Debug|Any CPU.Build.0 = Debug|Any CPU
		{AEF9588B-E805-4D1A-869E-22FD81C3DBBD}.Release|Any CPU.ActiveCfg = Release|Any CPU
		{AEF9588B-E805-4D1A-869E-22FD81C3DBBD}.Release|Any CPU.Build.0 = Release|Any CPU
	EndGlobalSection
	GlobalSection(SolutionProperties) = preSolution
		HideSolutionNode = FALSE
	EndGlobalSection
	GlobalSection(ExtensibilityGlobals) = postSolution
		SolutionGuid = {6D597D41-AF6C-48FD-8408-ED9B5671EC2F}
	EndGlobalSection
EndGlobal
